
Microsoft Visual Studio Solution File, Format Version 12.00
# Visual Studio Version 16
VisualStudioVersion = 16.0.29123.88
MinimumVisualStudioVersion = 10.0.40219.1
Project("{00D1A9C2-B5F0-4AF3-8072-F6C62B433612}") = "DarkstarCrm", "DarkstarCrm\DarkstarCrm.sqlproj", "{52B70748-3333-4E50-9362-9665C57A69DE}"
EndProject
Project("{9A19103F-16F7-4668-BE54-9A1E7A4F7556}") = "DarkstarCrm.Repository.Interfaces", "DarkstarCrm.Repository.Interfaces\DarkstarCrm.Repository.Interfaces.csproj", "{3B7A9D46-AB36-45B9-B24D-B61757FEEEFD}"
EndProject
Project("{9A19103F-16F7-4668-BE54-9A1E7A4F7556}") = "DarkstarCrm.Repository", "DarkstarCrm.Repository\DarkstarCrm.Repository.csproj", "{EFE659CA-903B-4B06-805D-751A5B95BCAC}"
EndProject
Project("{9A19103F-16F7-4668-BE54-9A1E7A4F7556}") = "DarkstarCrm.Model.EF", "DarkstarCrm.Model.EF\DarkstarCrm.Model.EF.csproj", "{63B3002C-3CCF-4A42-86CF-5095FBCD887E}"
EndProject
Project("{9A19103F-16F7-4668-BE54-9A1E7A4F7556}") = "DarkstarCrm.Core.Model", "DarkstarCrm.Core.Model\DarkstarCrm.Core.Model.csproj", "{5748EA7D-F90A-4B06-96F8-C9BDF850103A}"
EndProject
Project("{FAE04EC0-301F-11D3-BF4B-00C04F79EFBC}") = "DarkstarCrm.Data", "DarkstarCrm.Data\DarkstarCrm.Data.csproj", "{D2D1F244-035B-4183-BE5E-19F9CFD93C60}"
EndProject
Global
	GlobalSection(SolutionConfigurationPlatforms) = preSolution
		Debug|Any CPU = Debug|Any CPU
		Release|Any CPU = Release|Any CPU
	EndGlobalSection
	GlobalSection(ProjectConfigurationPlatforms) = postSolution
		{52B70748-3333-4E50-9362-9665C57A69DE}.Debug|Any CPU.ActiveCfg = Debug|Any CPU
		{52B70748-3333-4E50-9362-9665C57A69DE}.Debug|Any CPU.Build.0 = Debug|Any CPU
		{52B70748-3333-4E50-9362-9665C57A69DE}.Debug|Any CPU.Deploy.0 = Debug|Any CPU
		{52B70748-3333-4E50-9362-9665C57A69DE}.Release|Any CPU.ActiveCfg = Release|Any CPU
		{52B70748-3333-4E50-9362-9665C57A69DE}.Release|Any CPU.Build.0 = Release|Any CPU
		{52B70748-3333-4E50-9362-9665C57A69DE}.Release|Any CPU.Deploy.0 = Release|Any CPU
		{3B7A9D46-AB36-45B9-B24D-B61757FEEEFD}.Debug|Any CPU.ActiveCfg = Debug|Any CPU
		{3B7A9D46-AB36-45B9-B24D-B61757FEEEFD}.Debug|Any CPU.Build.0 = Debug|Any CPU
		{3B7A9D46-AB36-45B9-B24D-B61757FEEEFD}.Release|Any CPU.ActiveCfg = Release|Any CPU
		{3B7A9D46-AB36-45B9-B24D-B61757FEEEFD}.Release|Any CPU.Build.0 = Release|Any CPU
		{EFE659CA-903B-4B06-805D-751A5B95BCAC}.Debug|Any CPU.ActiveCfg = Debug|Any CPU
		{EFE659CA-903B-4B06-805D-751A5B95BCAC}.Debug|Any CPU.Build.0 = Debug|Any CPU
		{EFE659CA-903B-4B06-805D-751A5B95BCAC}.Release|Any CPU.ActiveCfg = Release|Any CPU
		{EFE659CA-903B-4B06-805D-751A5B95BCAC}.Release|Any CPU.Build.0 = Release|Any CPU
		{63B3002C-3CCF-4A42-86CF-5095FBCD887E}.Debug|Any CPU.ActiveCfg = Debug|Any CPU
		{63B3002C-3CCF-4A42-86CF-5095FBCD887E}.Debug|Any CPU.Build.0 = Debug|Any CPU
		{63B3002C-3CCF-4A42-86CF-5095FBCD887E}.Release|Any CPU.ActiveCfg = Release|Any CPU
		{63B3002C-3CCF-4A42-86CF-5095FBCD887E}.Release|Any CPU.Build.0 = Release|Any CPU
		{5748EA7D-F90A-4B06-96F8-C9BDF850103A}.Debug|Any CPU.ActiveCfg = Debug|Any CPU
		{5748EA7D-F90A-4B06-96F8-C9BDF850103A}.Debug|Any CPU.Build.0 = Debug|Any CPU
		{5748EA7D-F90A-4B06-96F8-C9BDF850103A}.Release|Any CPU.ActiveCfg = Release|Any CPU
		{5748EA7D-F90A-4B06-96F8-C9BDF850103A}.Release|Any CPU.Build.0 = Release|Any CPU
		{D2D1F244-035B-4183-BE5E-19F9CFD93C60}.Debug|Any CPU.ActiveCfg = Debug|Any CPU
		{D2D1F244-035B-4183-BE5E-19F9CFD93C60}.Debug|Any CPU.Build.0 = Debug|Any CPU
		{D2D1F244-035B-4183-BE5E-19F9CFD93C60}.Release|Any CPU.ActiveCfg = Release|Any CPU
		{D2D1F244-035B-4183-BE5E-19F9CFD93C60}.Release|Any CPU.Build.0 = Release|Any CPU
	EndGlobalSection
	GlobalSection(SolutionProperties) = preSolution
		HideSolutionNode = FALSE
	EndGlobalSection
	GlobalSection(ExtensibilityGlobals) = postSolution
		SolutionGuid = {115C8839-9011-4A37-91F6-9D042BFABED1}
	EndGlobalSection
EndGlobal
